
Microsoft Visual Studio Solution File, Format Version 12.00
# Visual Studio 15
VisualStudioVersion = 15.0.28010.2041
MinimumVisualStudioVersion = 10.0.40219.1
Project("{FAE04EC0-301F-11D3-BF4B-00C04F79EFBC}") = "NewTimer", "NewTimer\NewTimer.csproj", "{39291476-881E-41AB-B2BB-EE0ED55C904E}"
EndProject
Project("{FAE04EC0-301F-11D3-BF4B-00C04F79EFBC}") = "CleanNodeTree", "CleanNodeTree\CleanNodeTree\CleanNodeTree.csproj", "{C848CFA6-3EDE-4EC8-847D-E5149B3D1753}"
EndProject
Project("{FAE04EC0-301F-11D3-BF4B-00C04F79EFBC}") = "Bars", "SegmentedBarControl\Bars\Bars.csproj", "{3F2644DD-A9AE-488B-B91F-869C85C8C63B}"
EndProject
Global
	GlobalSection(SolutionConfigurationPlatforms) = preSolution
		Debug|Any CPU = Debug|Any CPU
		Release|Any CPU = Release|Any CPU
	EndGlobalSection
	GlobalSection(ProjectConfigurationPlatforms) = postSolution
		{39291476-881E-41AB-B2BB-EE0ED55C904E}.Debug|Any CPU.ActiveCfg = Debug|Any CPU
		{39291476-881E-41AB-B2BB-EE0ED55C904E}.Debug|Any CPU.Build.0 = Debug|Any CPU
		{39291476-881E-41AB-B2BB-EE0ED55C904E}.Release|Any CPU.ActiveCfg = Release|Any CPU
		{39291476-881E-41AB-B2BB-EE0ED55C904E}.Release|Any CPU.Build.0 = Release|Any CPU
		{C848CFA6-3EDE-4EC8-847D-E5149B3D1753}.Debug|Any CPU.ActiveCfg = Debug|Any CPU
		{C848CFA6-3EDE-4EC8-847D-E5149B3D1753}.Debug|Any CPU.Build.0 = Debug|Any CPU
		{C848CFA6-3EDE-4EC8-847D-E5149B3D1753}.Release|Any CPU.ActiveCfg = Release|Any CPU
		{C848CFA6-3EDE-4EC8-847D-E5149B3D1753}.Release|Any CPU.Build.0 = Release|Any CPU
		{3F2644DD-A9AE-488B-B91F-869C85C8C63B}.Debug|Any CPU.ActiveCfg = Debug|Any CPU
		{3F2644DD-A9AE-488B-B91F-869C85C8C63B}.Debug|Any CPU.Build.0 = Debug|Any CPU
		{3F2644DD-A9AE-488B-B91F-869C85C8C63B}.Release|Any CPU.ActiveCfg = Release|Any CPU
		{3F2644DD-A9AE-488B-B91F-869C85C8C63B}.Release|Any CPU.Build.0 = Release|Any CPU
	EndGlobalSection
	GlobalSection(SolutionProperties) = preSolution
		HideSolutionNode = FALSE
	EndGlobalSection
	GlobalSection(ExtensibilityGlobals) = postSolution
		SolutionGuid = {3E2287A3-6E38-4A6F-A989-47960B699C51}
	EndGlobalSection
EndGlobal
